
Microsoft Visual Studio Solution File, Format Version 12.00
# Visual Studio Version 17
VisualStudioVersion = 17.4.33103.184
MinimumVisualStudioVersion = 10.0.40219.1
Project("{9A19103F-16F7-4668-BE54-9A1E7A4F7556}") = "SellerManager", "SellerManager.csproj", "{409F1634-BC9E-40B6-8F2A-42F7439D8600}"
EndProject
Global
	GlobalSection(SolutionConfigurationPlatforms) = preSolution
		Debug|Any CPU = Debug|Any CPU
		Release|Any CPU = Release|Any CPU
	EndGlobalSection
	GlobalSection(ProjectConfigurationPlatforms) = postSolution
		{409F1634-BC9E-40B6-8F2A-42F7439D8600}.Debug|Any CPU.ActiveCfg = Debug|Any CPU
		{409F1634-BC9E-40B6-8F2A-42F7439D8600}.Debug|Any CPU.Build.0 = Debug|Any CPU
		{409F1634-BC9E-40B6-8F2A-42F7439D8600}.Release|Any CPU.ActiveCfg = Release|Any CPU
		{409F1634-BC9E-40B6-8F2A-42F7439D8600}.Release|Any CPU.Build.0 = Release|Any CPU
	EndGlobalSection
	GlobalSection(SolutionProperties) = preSolution
		HideSolutionNode = FALSE
	EndGlobalSection
	GlobalSection(ExtensibilityGlobals) = postSolution
		SolutionGuid = {9D62DAD5-3630-4584-90FF-CE19047A4C2A}
	EndGlobalSection
EndGlobal
